
Microsoft Visual Studio Solution File, Format Version 12.00
# Visual Studio Version 17
VisualStudioVersion = 17.0.31903.59
MinimumVisualStudioVersion = 10.0.40219.1
Project("{FAE04EC0-301F-11D3-BF4B-00C04F79EFBC}") = "Portfolio.Api", "Portfolio.Api\Portfolio.Api.csproj", "{B328C641-6236-42E2-8595-F46D8BE41E87}"
EndProject
Project("{FAE04EC0-301F-11D3-BF4B-00C04F79EFBC}") = "Portfolio.Application", "Portfolio.Application\Portfolio.Application.csproj", "{A7249A90-A05F-4778-B3B9-F5CFC6AFC216}"
EndProject
Project("{FAE04EC0-301F-11D3-BF4B-00C04F79EFBC}") = "Portfolio.Contracts", "Portfolio.Contracts\Portfolio.Contracts.csproj", "{756B7D0B-BB9F-4466-9D4E-56D03C63BEB5}"
EndProject
Project("{FAE04EC0-301F-11D3-BF4B-00C04F79EFBC}") = "Portfolio.Domain", "Portfolio.Domain\Portfolio.Domain.csproj", "{8F07F77E-FD31-413C-A70A-C2E99B03254E}"
EndProject
Project("{FAE04EC0-301F-11D3-BF4B-00C04F79EFBC}") = "Portfolio.Infrastructure", "Portfolio.Infrastructure\Portfolio.Infrastructure.csproj", "{62444446-E0D8-4088-AECC-FCCFA928EEF9}"
EndProject
Global
	GlobalSection(SolutionConfigurationPlatforms) = preSolution
		Debug|Any CPU = Debug|Any CPU
		Release|Any CPU = Release|Any CPU
	EndGlobalSection
	GlobalSection(SolutionProperties) = preSolution
		HideSolutionNode = FALSE
	EndGlobalSection
	GlobalSection(ProjectConfigurationPlatforms) = postSolution
		{B328C641-6236-42E2-8595-F46D8BE41E87}.Debug|Any CPU.ActiveCfg = Debug|Any CPU
		{B328C641-6236-42E2-8595-F46D8BE41E87}.Debug|Any CPU.Build.0 = Debug|Any CPU
		{B328C641-6236-42E2-8595-F46D8BE41E87}.Release|Any CPU.ActiveCfg = Release|Any CPU
		{B328C641-6236-42E2-8595-F46D8BE41E87}.Release|Any CPU.Build.0 = Release|Any CPU
		{A7249A90-A05F-4778-B3B9-F5CFC6AFC216}.Debug|Any CPU.ActiveCfg = Debug|Any CPU
		{A7249A90-A05F-4778-B3B9-F5CFC6AFC216}.Debug|Any CPU.Build.0 = Debug|Any CPU
		{A7249A90-A05F-4778-B3B9-F5CFC6AFC216}.Release|Any CPU.ActiveCfg = Release|Any CPU
		{A7249A90-A05F-4778-B3B9-F5CFC6AFC216}.Release|Any CPU.Build.0 = Release|Any CPU
		{756B7D0B-BB9F-4466-9D4E-56D03C63BEB5}.Debug|Any CPU.ActiveCfg = Debug|Any CPU
		{756B7D0B-BB9F-4466-9D4E-56D03C63BEB5}.Debug|Any CPU.Build.0 = Debug|Any CPU
		{756B7D0B-BB9F-4466-9D4E-56D03C63BEB5}.Release|Any CPU.ActiveCfg = Release|Any CPU
		{756B7D0B-BB9F-4466-9D4E-56D03C63BEB5}.Release|Any CPU.Build.0 = Release|Any CPU
		{8F07F77E-FD31-413C-A70A-C2E99B03254E}.Debug|Any CPU.ActiveCfg = Debug|Any CPU
		{8F07F77E-FD31-413C-A70A-C2E99B03254E}.Debug|Any CPU.Build.0 = Debug|Any CPU
		{8F07F77E-FD31-413C-A70A-C2E99B03254E}.Release|Any CPU.ActiveCfg = Release|Any CPU
		{8F07F77E-FD31-413C-A70A-C2E99B03254E}.Release|Any CPU.Build.0 = Release|Any CPU
		{62444446-E0D8-4088-AECC-FCCFA928EEF9}.Debug|Any CPU.ActiveCfg = Debug|Any CPU
		{62444446-E0D8-4088-AECC-FCCFA928EEF9}.Debug|Any CPU.Build.0 = Debug|Any CPU
		{62444446-E0D8-4088-AECC-FCCFA928EEF9}.Release|Any CPU.ActiveCfg = Release|Any CPU
		{62444446-E0D8-4088-AECC-FCCFA928EEF9}.Release|Any CPU.Build.0 = Release|Any CPU
	EndGlobalSection
EndGlobal
